{
  "name": "CopyPFE",
  "lockfileVersion": 2,
  "requires": true,
  "packages": {
    "": {
      "dependencies": {
        "ng-angular-popup": "^0.1.2",
        "ng-toast": "^2.0.0"
      }
    },
    "node_modules/@angular/common": {
      "version": "13.3.11",
      "resolved": "https://registry.npmjs.org/@angular/common/-/common-13.3.11.tgz",
      "integrity": "sha512-gPMwDYIAag1izXm2tRQ6EOIx9FVEUqLdr+qYtRVoQtoBmfkoTSLGcpeBXqqlPVxVPbA6Li1WZZT5wxLLlLAN+Q==",
      "peer": true,
      "dependencies": {
        "tslib": "^2.3.0"
      },
      "engines": {
        "node": "^12.20.0 || ^14.15.0 || >=16.10.0"
      },
      "peerDependencies": {
        "@angular/core": "13.3.11",
        "rxjs": "^6.5.3 || ^7.4.0"
      }
    },
    "node_modules/@angular/core": {
      "version": "13.3.11",
      "resolved": "https://registry.npmjs.org/@angular/core/-/core-13.3.11.tgz",
      "integrity": "sha512-9BmE2CxyV0g+AkBeuc8IwjSOiJ8Y+kptXnqD/J8EAFT3B0/fLGVnjFdZC6Sev9L0SNZb6qdzebpfIOLqbUjReQ==",
      "peer": true,
      "dependencies": {
        "tslib": "^2.3.0"
      },
      "engines": {
        "node": "^12.20.0 || ^14.15.0 || >=16.10.0"
      },
      "peerDependencies": {
        "rxjs": "^6.5.3 || ^7.4.0",
        "zone.js": "~0.11.4"
      }
    },
    "node_modules/angular": {
      "version": "1.5.11",
      "resolved": "https://registry.npmjs.org/angular/-/angular-1.5.11.tgz",
      "integrity": "sha512-09DBOVVWo6rOQfdCBKGfEL0ZZIhf6P3fbeP3BU+ty5FU50DPiavVeDn8hQ4wXE8o4vKEEpzY1aRcRHJMCixWYA==",
      "deprecated": "For the actively supported Angular, see https://www.npmjs.com/package/@angular/core. AngularJS support has officially ended. For extended AngularJS support options, see https://goo.gle/angularjs-path-forward."
    },
    "node_modules/angular-sanitize": {
      "version": "1.5.11",
      "resolved": "https://registry.npmjs.org/angular-sanitize/-/angular-sanitize-1.5.11.tgz",
      "integrity": "sha512-9yVOr8YOefo0/4q+ImqNdGcbfGzelQIoHW0OoaoU/U5wpRZNn5IqlkdLW9udieSiprYzuXeqiS1V7ZiHurYisw==",
      "deprecated": "For the actively supported Angular, see https://www.npmjs.com/package/@angular/core. AngularJS support has officially ended. For extended AngularJS support options, see https://goo.gle/angularjs-path-forward."
    },
    "node_modules/ng-angular-popup": {
      "version": "0.1.2",
      "resolved": "https://registry.npmjs.org/ng-angular-popup/-/ng-angular-popup-0.1.2.tgz",
      "integrity": "sha512-U8U1E/sHcjRISMjtodG9O8cdq3tQo+g7MH0WSckd8iQ5HoUnFnhrdTY+OF/iPEHl6osE4l7o2hzrG1OCz60Brw==",
      "dependencies": {
        "tslib": "^2.3.0"
      },
      "peerDependencies": {
        "@angular/common": "^13.1.0",
        "@angular/core": "^13.1.0"
      }
    },
    "node_modules/ng-toast": {
      "version": "2.0.0",
      "resolved": "https://registry.npmjs.org/ng-toast/-/ng-toast-2.0.0.tgz",
      "integrity": "sha512-IkkbOJEWtzLCC88hAeEXJ9QY6ATEX7tyqfyxAP1QjQHRV4Knwuh71PnyK/d+DkrNoTnhzIs+X5292GTeRIs5kw==",
      "dependencies": {
        "angular": ">=1.2.15 <1.6",
        "angular-sanitize": ">=1.2.15 <1.6"
      }
    },
    "node_modules/rxjs": {
      "version": "7.5.5",
      "resolved": "https://registry.npmjs.org/rxjs/-/rxjs-7.5.5.tgz",
      "integrity": "sha512-sy+H0pQofO95VDmFLzyaw9xNJU4KTRSwQIGM6+iG3SypAtCiLDzpeG8sJrNCWn2Up9km+KhkvTdbkrdy+yzZdw==",
      "peer": true,
      "dependencies": {
        "tslib": "^2.1.0"
      }
    },
    "node_modules/tslib": {
      "version": "2.4.0",
      "resolved": "https://registry.npmjs.org/tslib/-/tslib-2.4.0.tgz",
      "integrity": "sha512-d6xOpEDfsi2CZVlPQzGeux8XMwLT9hssAsaPYExaQMuYskwb+x1x7J371tWlbBdWHroy99KnVB6qIkUbs5X3UQ=="
    },
    "node_modules/zone.js": {
      "version": "0.11.5",
      "resolved": "https://registry.npmjs.org/zone.js/-/zone.js-0.11.5.tgz",
      "integrity": "sha512-D1/7VxEuQ7xk6z/kAROe4SUbd9CzxY4zOwVGnGHerd/SgLIVU5f4esDzQUsOCeArn933BZfWMKydH7l7dPEp0g==",
      "peer": true,
      "dependencies": {
        "tslib": "^2.3.0"
      }
    }
  },
  "dependencies": {
    "@angular/common": {
      "version": "13.3.11",
      "resolved": "https://registry.npmjs.org/@angular/common/-/common-13.3.11.tgz",
      "integrity": "sha512-gPMwDYIAag1izXm2tRQ6EOIx9FVEUqLdr+qYtRVoQtoBmfkoTSLGcpeBXqqlPVxVPbA6Li1WZZT5wxLLlLAN+Q==",
      "peer": true,
      "requires": {
        "tslib": "^2.3.0"
      }
    },
    "@angular/core": {
      "version": "13.3.11",
      "resolved": "https://registry.npmjs.org/@angular/core/-/core-13.3.11.tgz",
      "integrity": "sha512-9BmE2CxyV0g+AkBeuc8IwjSOiJ8Y+kptXnqD/J8EAFT3B0/fLGVnjFdZC6Sev9L0SNZb6qdzebpfIOLqbUjReQ==",
      "peer": true,
      "requires": {
        "tslib": "^2.3.0"
      }
    },
    "angular": {
      "version": "1.5.11",
      "resolved": "https://registry.npmjs.org/angular/-/angular-1.5.11.tgz",
      "integrity": "sha512-09DBOVVWo6rOQfdCBKGfEL0ZZIhf6P3fbeP3BU+ty5FU50DPiavVeDn8hQ4wXE8o4vKEEpzY1aRcRHJMCixWYA=="
    },
    "angular-sanitize": {
      "version": "1.5.11",
      "resolved": "https://registry.npmjs.org/angular-sanitize/-/angular-sanitize-1.5.11.tgz",
      "integrity": "sha512-9yVOr8YOefo0/4q+ImqNdGcbfGzelQIoHW0OoaoU/U5wpRZNn5IqlkdLW9udieSiprYzuXeqiS1V7ZiHurYisw=="
    },
    "ng-angular-popup": {
      "version": "0.1.2",
      "resolved": "https://registry.npmjs.org/ng-angular-popup/-/ng-angular-popup-0.1.2.tgz",
      "integrity": "sha512-U8U1E/sHcjRISMjtodG9O8cdq3tQo+g7MH0WSckd8iQ5HoUnFnhrdTY+OF/iPEHl6osE4l7o2hzrG1OCz60Brw==",
      "requires": {
        "tslib": "^2.3.0"
      }
    },
    "ng-toast": {
      "version": "2.0.0",
      "resolved": "https://registry.npmjs.org/ng-toast/-/ng-toast-2.0.0.tgz",
      "integrity": "sha512-IkkbOJEWtzLCC88hAeEXJ9QY6ATEX7tyqfyxAP1QjQHRV4Knwuh71PnyK/d+DkrNoTnhzIs+X5292GTeRIs5kw==",
      "requires": {
        "angular": ">=1.2.15 <1.6",
        "angular-sanitize": ">=1.2.15 <1.6"
      }
    },
    "rxjs": {
      "version": "7.5.5",
      "resolved": "https://registry.npmjs.org/rxjs/-/rxjs-7.5.5.tgz",
      "integrity": "sha512-sy+H0pQofO95VDmFLzyaw9xNJU4KTRSwQIGM6+iG3SypAtCiLDzpeG8sJrNCWn2Up9km+KhkvTdbkrdy+yzZdw==",
      "peer": true,
      "requires": {
        "tslib": "^2.1.0"
      }
    },
    "tslib": {
      "version": "2.4.0",
      "resolved": "https://registry.npmjs.org/tslib/-/tslib-2.4.0.tgz",
      "integrity": "sha512-d6xOpEDfsi2CZVlPQzGeux8XMwLT9hssAsaPYExaQMuYskwb+x1x7J371tWlbBdWHroy99KnVB6qIkUbs5X3UQ=="
    },
    "zone.js": {
      "version": "0.11.5",
      "resolved": "https://registry.npmjs.org/zone.js/-/zone.js-0.11.5.tgz",
      "integrity": "sha512-D1/7VxEuQ7xk6z/kAROe4SUbd9CzxY4zOwVGnGHerd/SgLIVU5f4esDzQUsOCeArn933BZfWMKydH7l7dPEp0g==",
      "peer": true,
      "requires": {
        "tslib": "^2.3.0"
      }
    }
  }
}
